// !$*UTF8*$!
{
	archiveVersion = 1;
	classes = {
	};
	objectVersion = 56;
	objects = {

/* Begin PBXBuildFile section */
		63355B002A12236200FB6AE0 /* LocalServiceApp.swift in Sources */ = {isa = PBXBuildFile; fileRef = 63355AFF2A12236200FB6AE0 /* LocalServiceApp.swift */; };
		63355B022A12236200FB6AE0 /* ContentView.swift in Sources */ = {isa = PBXBuildFile; fileRef = 63355B012A12236200FB6AE0 /* ContentView.swift */; };
		63355B042A12236400FB6AE0 /* Assets.xcassets in Resources */ = {isa = PBXBuildFile; fileRef = 63355B032A12236400FB6AE0 /* Assets.xcassets */; };
		63355B072A12236400FB6AE0 /* Preview Assets.xcassets in Resources */ = {isa = PBXBuildFile; fileRef = 63355B062A12236400FB6AE0 /* Preview Assets.xcassets */; };
		63355B372A12347500FB6AE0 /* Constants.swift in Sources */ = {isa = PBXBuildFile; fileRef = 63355B362A12347500FB6AE0 /* Constants.swift */; };
		63355B392A12353A00FB6AE0 /* NetworkService.swift in Sources */ = {isa = PBXBuildFile; fileRef = 63355B382A12353A00FB6AE0 /* NetworkService.swift */; };
		63355B3B2A12358900FB6AE0 /* UserModel.swift in Sources */ = {isa = PBXBuildFile; fileRef = 63355B3A2A12358900FB6AE0 /* UserModel.swift */; };
		63355B3D2A1235CC00FB6AE0 /* LocalService.swift in Sources */ = {isa = PBXBuildFile; fileRef = 63355B3C2A1235CC00FB6AE0 /* LocalService.swift */; };
		63355B3F2A12385C00FB6AE0 /* Webservice.swift in Sources */ = {isa = PBXBuildFile; fileRef = 63355B3E2A12385C00FB6AE0 /* Webservice.swift */; };
		63355B412A123AA700FB6AE0 /* UserViewModel.swift in Sources */ = {isa = PBXBuildFile; fileRef = 63355B402A123AA700FB6AE0 /* UserViewModel.swift */; };
		63355B432A123DB100FB6AE0 /* users.json in Resources */ = {isa = PBXBuildFile; fileRef = 63355B422A123DB100FB6AE0 /* users.json */; };
/* End PBXBuildFile section */

/* Begin PBXFileReference section */
		63355AFC2A12236200FB6AE0 /* LocalService.app */ = {isa = PBXFileReference; explicitFileType = wrapper.application; includeInIndex = 0; path = LocalService.app; sourceTree = BUILT_PRODUCTS_DIR; };
		63355AFF2A12236200FB6AE0 /* LocalServiceApp.swift */ = {isa = PBXFileReference; lastKnownFileType = sourcecode.swift; path = LocalServiceApp.swift; sourceTree = "<group>"; };
		63355B012A12236200FB6AE0 /* ContentView.swift */ = {isa = PBXFileReference; lastKnownFileType = sourcecode.swift; path = ContentView.swift; sourceTree = "<group>"; };
		63355B032A12236400FB6AE0 /* Assets.xcassets */ = {isa = PBXFileReference; lastKnownFileType = folder.assetcatalog; path = Assets.xcassets; sourceTree = "<group>"; };
		63355B062A12236400FB6AE0 /* Preview Assets.xcassets */ = {isa = PBXFileReference; lastKnownFileType = folder.assetcatalog; path = "Preview Assets.xcassets"; sourceTree = "<group>"; };
		63355B362A12347500FB6AE0 /* Constants.swift */ = {isa = PBXFileReference; lastKnownFileType = sourcecode.swift; path = Constants.swift; sourceTree = "<group>"; };
		63355B382A12353A00FB6AE0 /* NetworkService.swift */ = {isa = PBXFileReference; lastKnownFileType = sourcecode.swift; path = NetworkService.swift; sourceTree = "<group>"; };
		63355B3A2A12358900FB6AE0 /* UserModel.swift */ = {isa = PBXFileReference; lastKnownFileType = sourcecode.swift; path = UserModel.swift; sourceTree = "<group>"; };
		63355B3C2A1235CC00FB6AE0 /* LocalService.swift */ = {isa = PBXFileReference; lastKnownFileType = sourcecode.swift; path = LocalService.swift; sourceTree = "<group>"; };
		63355B3E2A12385C00FB6AE0 /* Webservice.swift */ = {isa = PBXFileReference; lastKnownFileType = sourcecode.swift; path = Webservice.swift; sourceTree = "<group>"; };
		63355B402A123AA700FB6AE0 /* UserViewModel.swift */ = {isa = PBXFileReference; lastKnownFileType = sourcecode.swift; path = UserViewModel.swift; sourceTree = "<group>"; };
		63355B422A123DB100FB6AE0 /* users.json */ = {isa = PBXFileReference; fileEncoding = 4; lastKnownFileType = text.json; path = users.json; sourceTree = "<group>"; };
/* End PBXFileReference section */

/* Begin PBXFrameworksBuildPhase section */
		63355AF92A12236200FB6AE0 /* Frameworks */ = {
			isa = PBXFrameworksBuildPhase;
			buildActionMask = 2147483647;
			files = (
			);
			runOnlyForDeploymentPostprocessing = 0;
		};
/* End PBXFrameworksBuildPhase section */

/* Begin PBXGroup section */
		63355AF32A12236200FB6AE0 = {
			isa = PBXGroup;
			children = (
				63355AFE2A12236200FB6AE0 /* LocalService */,
				63355AFD2A12236200FB6AE0 /* Products */,
			);
			sourceTree = "<group>";
		};
		63355AFD2A12236200FB6AE0 /* Products */ = {
			isa = PBXGroup;
			children = (
				63355AFC2A12236200FB6AE0 /* LocalService.app */,
			);
			name = Products;
			sourceTree = "<group>";
		};
		63355AFE2A12236200FB6AE0 /* LocalService */ = {
			isa = PBXGroup;
			children = (
				63355B012A12236200FB6AE0 /* ContentView.swift */,
				63355B322A12340E00FB6AE0 /* Model */,
				63355B342A12342500FB6AE0 /* View Model */,
				63355B332A12341D00FB6AE0 /* Service */,
				63355B352A12343400FB6AE0 /* Constants */,
				63355AFF2A12236200FB6AE0 /* LocalServiceApp.swift */,
				63355B422A123DB100FB6AE0 /* users.json */,
				63355B032A12236400FB6AE0 /* Assets.xcassets */,
				63355B052A12236400FB6AE0 /* Preview Content */,
			);
			path = LocalService;
			sourceTree = "<group>";
		};
		63355B052A12236400FB6AE0 /* Preview Content */ = {
			isa = PBXGroup;
			children = (
				63355B062A12236400FB6AE0 /* Preview Assets.xcassets */,
			);
			path = "Preview Content";
			sourceTree = "<group>";
		};
		63355B322A12340E00FB6AE0 /* Model */ = {
			isa = PBXGroup;
			children = (
				63355B3A2A12358900FB6AE0 /* UserModel.swift */,
			);
			path = Model;
			sourceTree = "<group>";
		};
		63355B332A12341D00FB6AE0 /* Service */ = {
			isa = PBXGroup;
			children = (
				63355B382A12353A00FB6AE0 /* NetworkService.swift */,
				63355B3C2A1235CC00FB6AE0 /* LocalService.swift */,
				63355B3E2A12385C00FB6AE0 /* Webservice.swift */,
			);
			path = Service;
			sourceTree = "<group>";
		};
		63355B342A12342500FB6AE0 /* View Model */ = {
			isa = PBXGroup;
			children = (
				63355B402A123AA700FB6AE0 /* UserViewModel.swift */,
			);
			path = "View Model";
			sourceTree = "<group>";
		};
		63355B352A12343400FB6AE0 /* Constants */ = {
			isa = PBXGroup;
			children = (
				63355B362A12347500FB6AE0 /* Constants.swift */,
			);
			path = Constants;
			sourceTree = "<group>";
		};
/* End PBXGroup section */

/* Begin PBXNativeTarget section */
		63355AFB2A12236200FB6AE0 /* LocalService */ = {
			isa = PBXNativeTarget;
			buildConfigurationList = 63355B0A2A12236400FB6AE0 /* Build configuration list for PBXNativeTarget "LocalService" */;
			buildPhases = (
				63355AF82A12236200FB6AE0 /* Sources */,
				63355AF92A12236200FB6AE0 /* Frameworks */,
				63355AFA2A12236200FB6AE0 /* Resources */,
			);
			buildRules = (
			);
			dependencies = (
			);
			name = LocalService;
			productName = LocalService;
			productReference = 63355AFC2A12236200FB6AE0 /* LocalService.app */;
			productType = "com.apple.product-type.application";
		};
/* End PBXNativeTarget section */

/* Begin PBXProject section */
		63355AF42A12236200FB6AE0 /* Project object */ = {
			isa = PBXProject;
			attributes = {
				BuildIndependentTargetsInParallel = 1;
				LastSwiftUpdateCheck = 1430;
				LastUpgradeCheck = 1430;
				TargetAttributes = {
					63355AFB2A12236200FB6AE0 = {
						CreatedOnToolsVersion = 14.3;
					};
				};
			};
			buildConfigurationList = 63355AF72A12236200FB6AE0 /* Build configuration list for PBXProject "LocalService" */;
			compatibilityVersion = "Xcode 14.0";
			developmentRegion = en;
			hasScannedForEncodings = 0;
			knownRegions = (
				en,
				Base,
			);
			mainGroup = 63355AF32A12236200FB6AE0;
			productRefGroup = 63355AFD2A12236200FB6AE0 /* Products */;
			projectDirPath = "";
			projectRoot = "";
			targets = (
				63355AFB2A12236200FB6AE0 /* LocalService */,
			);
		};
/* End PBXProject section */

/* Begin PBXResourcesBuildPhase section */
		63355AFA2A12236200FB6AE0 /* Resources */ = {
			isa = PBXResourcesBuildPhase;
			buildActionMask = 2147483647;
			files = (
				63355B432A123DB100FB6AE0 /* users.json in Resources */,
				63355B072A12236400FB6AE0 /* Preview Assets.xcassets in Resources */,
				63355B042A12236400FB6AE0 /* Assets.xcassets in Resources */,
			);
			runOnlyForDeploymentPostprocessing = 0;
		};
/* End PBXResourcesBuildPhase section */

/* Begin PBXSourcesBuildPhase section */
		63355AF82A12236200FB6AE0 /* Sources */ = {
			isa = PBXSourcesBuildPhase;
			buildActionMask = 2147483647;
			files = (
				63355B022A12236200FB6AE0 /* ContentView.swift in Sources */,
				63355B412A123AA700FB6AE0 /* UserViewModel.swift in Sources */,
				63355B002A12236200FB6AE0 /* LocalServiceApp.swift in Sources */,
				63355B392A12353A00FB6AE0 /* NetworkService.swift in Sources */,
				63355B3B2A12358900FB6AE0 /* UserModel.swift in Sources */,
				63355B372A12347500FB6AE0 /* Constants.swift in Sources */,
				63355B3F2A12385C00FB6AE0 /* Webservice.swift in Sources */,
				63355B3D2A1235CC00FB6AE0 /* LocalService.swift in Sources */,
			);
			runOnlyForDeploymentPostprocessing = 0;
		};
/* End PBXSourcesBuildPhase section */

/* Begin XCBuildConfiguration section */
		63355B082A12236400FB6AE0 /* Debug */ = {
			isa = XCBuildConfiguration;
			buildSettings = {
				ALWAYS_SEARCH_USER_PATHS = NO;
				CLANG_ANALYZER_NONNULL = YES;
				CLANG_ANALYZER_NUMBER_OBJECT_CONVERSION = YES_AGGRESSIVE;
				CLANG_CXX_LANGUAGE_STANDARD = "gnu++20";
				CLANG_ENABLE_MODULES = YES;
				CLANG_ENABLE_OBJC_ARC = YES;
				CLANG_ENABLE_OBJC_WEAK = YES;
				CLANG_WARN_BLOCK_CAPTURE_AUTORELEASING = YES;
				CLANG_WARN_BOOL_CONVERSION = YES;
				CLANG_WARN_COMMA = YES;
				CLANG_WARN_CONSTANT_CONVERSION = YES;
				CLANG_WARN_DEPRECATED_OBJC_IMPLEMENTATIONS = YES;
				CLANG_WARN_DIRECT_OBJC_ISA_USAGE = YES_ERROR;
				CLANG_WARN_DOCUMENTATION_COMMENTS = YES;
				CLANG_WARN_EMPTY_BODY = YES;
				CLANG_WARN_ENUM_CONVERSION = YES;
				CLANG_WARN_INFINITE_RECURSION = YES;
				CLANG_WARN_INT_CONVERSION = YES;
				CLANG_WARN_NON_LITERAL_NULL_CONVERSION = YES;
				CLANG_WARN_OBJC_IMPLICIT_RETAIN_SELF = YES;
				CLANG_WARN_OBJC_LITERAL_CONVERSION = YES;
				CLANG_WARN_OBJC_ROOT_CLASS = YES_ERROR;
				CLANG_WARN_QUOTED_INCLUDE_IN_FRAMEWORK_HEADER = YES;
				CLANG_WARN_RANGE_LOOP_ANALYSIS = YES;
				CLANG_WARN_STRICT_PROTOTYPES = YES;
				CLANG_WARN_SUSPICIOUS_MOVE = YES;
				CLANG_WARN_UNGUARDED_AVAILABILITY = YES_AGGRESSIVE;
				CLANG_WARN_UNREACHABLE_CODE = YES;
				CLANG_WARN__DUPLICATE_METHOD_MATCH = YES;
				COPY_PHASE_STRIP = NO;
				DEBUG_INFORMATION_FORMAT = dwarf;
				ENABLE_STRICT_OBJC_MSGSEND = YES;
				ENABLE_TESTABILITY = YES;
				GCC_C_LANGUAGE_STANDARD = gnu11;
				GCC_DYNAMIC_NO_PIC = NO;
				GCC_NO_COMMON_BLOCKS = YES;
				GCC_OPTIMIZATION_LEVEL = 0;
				GCC_PREPROCESSOR_DEFINITIONS = (
					"DEBUG=1",
					"$(inherited)",
				);
				GCC_WARN_64_TO_32_BIT_CONVERSION = YES;
				GCC_WARN_ABOUT_RETURN_TYPE = YES_ERROR;
				GCC_WARN_UNDECLARED_SELECTOR = YES;
				GCC_WARN_UNINITIALIZED_AUTOS = YES_AGGRESSIVE;
				GCC_WARN_UNUSED_FUNCTION = YES;
				GCC_WARN_UNUSED_VARIABLE = YES;
				IPHONEOS_DEPLOYMENT_TARGET = 16.4;
				MTL_ENABLE_DEBUG_INFO = INCLUDE_SOURCE;
				MTL_FAST_MATH = YES;
				ONLY_ACTIVE_ARCH = YES;
				SDKROOT = iphoneos;
				SWIFT_ACTIVE_COMPILATION_CONDITIONS = DEBUG;
				SWIFT_OPTIMIZATION_LEVEL = "-Onone";
			};
			name = Debug;
		};
		63355B092A12236400FB6AE0 /* Release */ = {
			isa = XCBuildConfiguration;
			buildSettings = {
				ALWAYS_SEARCH_USER_PATHS = NO;
				CLANG_ANALYZER_NONNULL = YES;
				CLANG_ANALYZER_NUMBER_OBJECT_CONVERSION = YES_AGGRESSIVE;
				CLANG_CXX_LANGUAGE_STANDARD = "gnu++20";
				CLANG_ENABLE_MODULES = YES;
				CLANG_ENABLE_OBJC_ARC = YES;
				CLANG_ENABLE_OBJC_WEAK = YES;
				CLANG_WARN_BLOCK_CAPTURE_AUTORELEASING = YES;
				CLANG_WARN_BOOL_CONVERSION = YES;
				CLANG_WARN_COMMA = YES;
				CLANG_WARN_CONSTANT_CONVERSION = YES;
				CLANG_WARN_DEPRECATED_OBJC_IMPLEMENTATIONS = YES;
				CLANG_WARN_DIRECT_OBJC_ISA_USAGE = YES_ERROR;
				CLANG_WARN_DOCUMENTATION_COMMENTS = YES;
				CLANG_WARN_EMPTY_BODY = YES;
				CLANG_WARN_ENUM_CONVERSION = YES;
				CLANG_WARN_INFINITE_RECURSION = YES;
				CLANG_WARN_INT_CONVERSION = YES;
				CLANG_WARN_NON_LITERAL_NULL_CONVERSION = YES;
				CLANG_WARN_OBJC_IMPLICIT_RETAIN_SELF = YES;
				CLANG_WARN_OBJC_LITERAL_CONVERSION = YES;
				CLANG_WARN_OBJC_ROOT_CLASS = YES_ERROR;
				CLANG_WARN_QUOTED_INCLUDE_IN_FRAMEWORK_HEADER = YES;
				CLANG_WARN_RANGE_LOOP_ANALYSIS = YES;
				CLANG_WARN_STRICT_PROTOTYPES = YES;
				CLANG_WARN_SUSPICIOUS_MOVE = YES;
				CLANG_WARN_UNGUARDED_AVAILABILITY = YES_AGGRESSIVE;
				CLANG_WARN_UNREACHABLE_CODE = YES;
				CLANG_WARN__DUPLICATE_METHOD_MATCH = YES;
				COPY_PHASE_STRIP = NO;
				DEBUG_INFORMATION_FORMAT = "dwarf-with-dsym";
				ENABLE_NS_ASSERTIONS = NO;
				ENABLE_STRICT_OBJC_MSGSEND = YES;
				GCC_C_LANGUAGE_STANDARD = gnu11;
				GCC_NO_COMMON_BLOCKS = YES;
				GCC_WARN_64_TO_32_BIT_CONVERSION = YES;
				GCC_WARN_ABOUT_RETURN_TYPE = YES_ERROR;
				GCC_WARN_UNDECLARED_SELECTOR = YES;
				GCC_WARN_UNINITIALIZED_AUTOS = YES_AGGRESSIVE;
				GCC_WARN_UNUSED_FUNCTION = YES;
				GCC_WARN_UNUSED_VARIABLE = YES;
				IPHONEOS_DEPLOYMENT_TARGET = 16.4;
				MTL_ENABLE_DEBUG_INFO = NO;
				MTL_FAST_MATH = YES;
				SDKROOT = iphoneos;
				SWIFT_COMPILATION_MODE = wholemodule;
				SWIFT_OPTIMIZATION_LEVEL = "-O";
				VALIDATE_PRODUCT = YES;
			};
			name = Release;
		};
		63355B0B2A12236400FB6AE0 /* Debug */ = {
			isa = XCBuildConfiguration;
			buildSettings = {
				ASSETCATALOG_COMPILER_APPICON_NAME = AppIcon;
				ASSETCATALOG_COMPILER_GLOBAL_ACCENT_COLOR_NAME = AccentColor;
				CODE_SIGN_STYLE = Automatic;
				CURRENT_PROJECT_VERSION = 1;
				DEVELOPMENT_ASSET_PATHS = "\"LocalService/Preview Content\"";
				DEVELOPMENT_TEAM = 4GT4BFW9QG;
				ENABLE_PREVIEWS = YES;
				GENERATE_INFOPLIST_FILE = YES;
				INFOPLIST_KEY_UIApplicationSceneManifest_Generation = YES;
				INFOPLIST_KEY_UIApplicationSupportsIndirectInputEvents = YES;
				INFOPLIST_KEY_UILaunchScreen_Generation = YES;
				INFOPLIST_KEY_UISupportedInterfaceOrientations_iPad = "UIInterfaceOrientationPortrait UIInterfaceOrientationPortraitUpsideDown UIInterfaceOrientationLandscapeLeft UIInterfaceOrientationLandscapeRight";
				INFOPLIST_KEY_UISupportedInterfaceOrientations_iPhone = "UIInterfaceOrientationPortrait UIInterfaceOrientationLandscapeLeft UIInterfaceOrientationLandscapeRight";
				LD_RUNPATH_SEARCH_PATHS = (
					"$(inherited)",
					"@executable_path/Frameworks",
				);
				MARKETING_VERSION = 1.0;
				PRODUCT_BUNDLE_IDENTIFIER = shehab.org.LocalService;
				PRODUCT_NAME = "$(TARGET_NAME)";
				SWIFT_EMIT_LOC_STRINGS = YES;
				SWIFT_VERSION = 5.0;
				TARGETED_DEVICE_FAMILY = "1,2";
			};
			name = Debug;
		};
		63355B0C2A12236400FB6AE0 /* Release */ = {
			isa = XCBuildConfiguration;
			buildSettings = {
				ASSETCATALOG_COMPILER_APPICON_NAME = AppIcon;
				ASSETCATALOG_COMPILER_GLOBAL_ACCENT_COLOR_NAME = AccentColor;
				CODE_SIGN_STYLE = Automatic;
				CURRENT_PROJECT_VERSION = 1;
				DEVELOPMENT_ASSET_PATHS = "\"LocalService/Preview Content\"";
				DEVELOPMENT_TEAM = 4GT4BFW9QG;
				ENABLE_PREVIEWS = YES;
				GENERATE_INFOPLIST_FILE = YES;
				INFOPLIST_KEY_UIApplicationSceneManifest_Generation = YES;
				INFOPLIST_KEY_UIApplicationSupportsIndirectInputEvents = YES;
				INFOPLIST_KEY_UILaunchScreen_Generation = YES;
				INFOPLIST_KEY_UISupportedInterfaceOrientations_iPad = "UIInterfaceOrientationPortrait UIInterfaceOrientationPortraitUpsideDown UIInterfaceOrientationLandscapeLeft UIInterfaceOrientationLandscapeRight";
				INFOPLIST_KEY_UISupportedInterfaceOrientations_iPhone = "UIInterfaceOrientationPortrait UIInterfaceOrientationLandscapeLeft UIInterfaceOrientationLandscapeRight";
				LD_RUNPATH_SEARCH_PATHS = (
					"$(inherited)",
					"@executable_path/Frameworks",
				);
				MARKETING_VERSION = 1.0;
				PRODUCT_BUNDLE_IDENTIFIER = shehab.org.LocalService;
				PRODUCT_NAME = "$(TARGET_NAME)";
				SWIFT_EMIT_LOC_STRINGS = YES;
				SWIFT_VERSION = 5.0;
				TARGETED_DEVICE_FAMILY = "1,2";
			};
			name = Release;
		};
/* End XCBuildConfiguration section */

/* Begin XCConfigurationList section */
		63355AF72A12236200FB6AE0 /* Build configuration list for PBXProject "LocalService" */ = {
			isa = XCConfigurationList;
			buildConfigurations = (
				63355B082A12236400FB6AE0 /* Debug */,
				63355B092A12236400FB6AE0 /* Release */,
			);
			defaultConfigurationIsVisible = 0;
			defaultConfigurationName = Release;
		};
		63355B0A2A12236400FB6AE0 /* Build configuration list for PBXNativeTarget "LocalService" */ = {
			isa = XCConfigurationList;
			buildConfigurations = (
				63355B0B2A12236400FB6AE0 /* Debug */,
				63355B0C2A12236400FB6AE0 /* Release */,
			);
			defaultConfigurationIsVisible = 0;
			defaultConfigurationName = Release;
		};
/* End XCConfigurationList section */
	};
	rootObject = 63355AF42A12236200FB6AE0 /* Project object */;
}
